
Microsoft Visual Studio Solution File, Format Version 12.00
# Visual Studio 15
VisualStudioVersion = 15.0.28010.2036
MinimumVisualStudioVersion = 10.0.40219.1
Project("{8BC9CEB8-8B4A-11D0-8D11-00A0C91BC942}") = "OOP_MIET", "OOP_MIET\OOP_MIET.vcxproj", "{D7DBE455-2659-4A3D-84A6-A3EA72A56A63}"
EndProject
Global
	GlobalSection(SolutionConfigurationPlatforms) = preSolution
		Debug|x64 = Debug|x64
		Debug|x86 = Debug|x86
		Release|x64 = Release|x64
		Release|x86 = Release|x86
	EndGlobalSection
	GlobalSection(ProjectConfigurationPlatforms) = postSolution
		{D7DBE455-2659-4A3D-84A6-A3EA72A56A63}.Debug|x64.ActiveCfg = Debug|x64
		{D7DBE455-2659-4A3D-84A6-A3EA72A56A63}.Debug|x64.Build.0 = Debug|x64
		{D7DBE455-2659-4A3D-84A6-A3EA72A56A63}.Debug|x86.ActiveCfg = Debug|Win32
		{D7DBE455-2659-4A3D-84A6-A3EA72A56A63}.Debug|x86.Build.0 = Debug|Win32
		{D7DBE455-2659-4A3D-84A6-A3EA72A56A63}.Release|x64.ActiveCfg = Release|x64
		{D7DBE455-2659-4A3D-84A6-A3EA72A56A63}.Release|x64.Build.0 = Release|x64
		{D7DBE455-2659-4A3D-84A6-A3EA72A56A63}.Release|x86.ActiveCfg = Release|Win32
		{D7DBE455-2659-4A3D-84A6-A3EA72A56A63}.Release|x86.Build.0 = Release|Win32
	EndGlobalSection
	GlobalSection(SolutionProperties) = preSolution
		HideSolutionNode = FALSE
	EndGlobalSection
	GlobalSection(ExtensibilityGlobals) = postSolution
		SolutionGuid = {5CE9841A-C8CB-46E1-931D-FB725817AECD}
	EndGlobalSection
EndGlobal
